
Microsoft Visual Studio Solution File, Format Version 12.00
# Visual Studio Version 17
VisualStudioVersion = 17.11.35222.181
MinimumVisualStudioVersion = 10.0.40219.1
Project("{FAE04EC0-301F-11D3-BF4B-00C04F79EFBC}") = "Labb 4 - Generic collections", "Labb 4 - Generic collections\Labb 4 - Generic collections.csproj", "{597D5903-355A-4A4D-A5B7-E761BE67B4FE}"
EndProject
Global
	GlobalSection(SolutionConfigurationPlatforms) = preSolution
		Debug|Any CPU = Debug|Any CPU
		Release|Any CPU = Release|Any CPU
	EndGlobalSection
	GlobalSection(ProjectConfigurationPlatforms) = postSolution
		{597D5903-355A-4A4D-A5B7-E761BE67B4FE}.Debug|Any CPU.ActiveCfg = Debug|Any CPU
		{597D5903-355A-4A4D-A5B7-E761BE67B4FE}.Debug|Any CPU.Build.0 = Debug|Any CPU
		{597D5903-355A-4A4D-A5B7-E761BE67B4FE}.Release|Any CPU.ActiveCfg = Release|Any CPU
		{597D5903-355A-4A4D-A5B7-E761BE67B4FE}.Release|Any CPU.Build.0 = Release|Any CPU
	EndGlobalSection
	GlobalSection(SolutionProperties) = preSolution
		HideSolutionNode = FALSE
	EndGlobalSection
	GlobalSection(ExtensibilityGlobals) = postSolution
		SolutionGuid = {FB921ED3-E741-4F9D-B6AF-9F8F963ED90E}
	EndGlobalSection
EndGlobal
